
Microsoft Visual Studio Solution File, Format Version 12.00
# Visual Studio Version 17
VisualStudioVersion = 17.8.34205.153
MinimumVisualStudioVersion = 10.0.40219.1
Project("{FAE04EC0-301F-11D3-BF4B-00C04F79EFBC}") = "Soccer_Pong", "Soccer_Pong\Soccer_Pong.csproj", "{74BB6BFC-D490-437F-92DA-65AABCC8DCBE}"
EndProject
Global
	GlobalSection(SolutionConfigurationPlatforms) = preSolution
		Debug|Any CPU = Debug|Any CPU
		Release|Any CPU = Release|Any CPU
	EndGlobalSection
	GlobalSection(ProjectConfigurationPlatforms) = postSolution
		{74BB6BFC-D490-437F-92DA-65AABCC8DCBE}.Debug|Any CPU.ActiveCfg = Debug|Any CPU
		{74BB6BFC-D490-437F-92DA-65AABCC8DCBE}.Debug|Any CPU.Build.0 = Debug|Any CPU
		{74BB6BFC-D490-437F-92DA-65AABCC8DCBE}.Release|Any CPU.ActiveCfg = Release|Any CPU
		{74BB6BFC-D490-437F-92DA-65AABCC8DCBE}.Release|Any CPU.Build.0 = Release|Any CPU
	EndGlobalSection
	GlobalSection(SolutionProperties) = preSolution
		HideSolutionNode = FALSE
	EndGlobalSection
	GlobalSection(ExtensibilityGlobals) = postSolution
		SolutionGuid = {C8A18A6E-3DB9-41BA-A31E-BAD1589F09A6}
	EndGlobalSection
EndGlobal
